
Microsoft Visual Studio Solution File, Format Version 12.00
# Visual Studio 15
VisualStudioVersion = 15.0.26124.0
MinimumVisualStudioVersion = 15.0.26124.0
Project("{2150E333-8FDC-42A3-9474-1A3956D46DE8}") = "src", "src", "{F6436C38-AB0A-4D3F-8BA7-E2C0FA30D052}"
EndProject
Project("{FAE04EC0-301F-11D3-BF4B-00C04F79EFBC}") = "Mozilla.IoT.WebThing", "src\Mozilla.IoT.WebThing\Mozilla.IoT.WebThing.csproj", "{4999C9EF-BCC2-4252-A404-0161E655AAD9}"
EndProject
Project("{2150E333-8FDC-42A3-9474-1A3956D46DE8}") = "test", "test", "{65C51E32-2901-4983-A238-0F931D9EB651}"
EndProject
Project("{FAE04EC0-301F-11D3-BF4B-00C04F79EFBC}") = "Mozilla.IoT.WebThing.Test", "test\Mozilla.IoT.WebThing.Test\Mozilla.IoT.WebThing.Test.csproj", "{63874B3F-6000-418D-BD19-C56A4D86B612}"
EndProject
Project("{2150E333-8FDC-42A3-9474-1A3956D46DE8}") = "sample", "sample", "{370B1F76-EFE0-44D4-A395-59F5EF266112}"
EndProject
Project("{2150E333-8FDC-42A3-9474-1A3956D46DE8}") = "Solution Itens", "Solution Itens", "{E90FFA85-A210-450A-AA08-528D7F8962C2}"
ProjectSection(SolutionItems) = preProject
	Directory.Build.props = Directory.Build.props
	.editorconfig = .editorconfig
	azure-pipelines.yml = azure-pipelines.yml
	build.ps1 = build.ps1
	build.sh = build.sh
EndProjectSection
EndProject
Project("{FAE04EC0-301F-11D3-BF4B-00C04F79EFBC}") = "SampleThing", "sample\SampleThing\SampleThing.csproj", "{6FB673AA-FD52-4509-97C8-28572549F609}"
EndProject
Project("{2150E333-8FDC-42A3-9474-1A3956D46DE8}") = "Build", "Build", "{6CF61456-785E-495E-A5C5-0EDEC48AC1DE}"
ProjectSection(SolutionItems) = preProject
	build\build.cake = build\build.cake
	build\main.cake = build\main.cake
	build\test.cake = build\test.cake
	build\variable.cake = build\variable.cake
EndProjectSection
EndProject
Global
	GlobalSection(SolutionConfigurationPlatforms) = preSolution
		Debug|Any CPU = Debug|Any CPU
		Debug|x64 = Debug|x64
		Debug|x86 = Debug|x86
		Release|Any CPU = Release|Any CPU
		Release|x64 = Release|x64
		Release|x86 = Release|x86
	EndGlobalSection
	GlobalSection(SolutionProperties) = preSolution
		HideSolutionNode = FALSE
	EndGlobalSection
	GlobalSection(ProjectConfigurationPlatforms) = postSolution
		{4999C9EF-BCC2-4252-A404-0161E655AAD9}.Debug|Any CPU.ActiveCfg = Debug|Any CPU
		{4999C9EF-BCC2-4252-A404-0161E655AAD9}.Debug|Any CPU.Build.0 = Debug|Any CPU
		{4999C9EF-BCC2-4252-A404-0161E655AAD9}.Debug|x64.ActiveCfg = Debug|Any CPU
		{4999C9EF-BCC2-4252-A404-0161E655AAD9}.Debug|x64.Build.0 = Debug|Any CPU
		{4999C9EF-BCC2-4252-A404-0161E655AAD9}.Debug|x86.ActiveCfg = Debug|Any CPU
		{4999C9EF-BCC2-4252-A404-0161E655AAD9}.Debug|x86.Build.0 = Debug|Any CPU
		{4999C9EF-BCC2-4252-A404-0161E655AAD9}.Release|Any CPU.ActiveCfg = Release|Any CPU
		{4999C9EF-BCC2-4252-A404-0161E655AAD9}.Release|Any CPU.Build.0 = Release|Any CPU
		{4999C9EF-BCC2-4252-A404-0161E655AAD9}.Release|x64.ActiveCfg = Release|Any CPU
		{4999C9EF-BCC2-4252-A404-0161E655AAD9}.Release|x64.Build.0 = Release|Any CPU
		{4999C9EF-BCC2-4252-A404-0161E655AAD9}.Release|x86.ActiveCfg = Release|Any CPU
		{4999C9EF-BCC2-4252-A404-0161E655AAD9}.Release|x86.Build.0 = Release|Any CPU
		{63874B3F-6000-418D-BD19-C56A4D86B612}.Debug|Any CPU.ActiveCfg = Debug|Any CPU
		{63874B3F-6000-418D-BD19-C56A4D86B612}.Debug|Any CPU.Build.0 = Debug|Any CPU
		{63874B3F-6000-418D-BD19-C56A4D86B612}.Debug|x64.ActiveCfg = Debug|Any CPU
		{63874B3F-6000-418D-BD19-C56A4D86B612}.Debug|x64.Build.0 = Debug|Any CPU
		{63874B3F-6000-418D-BD19-C56A4D86B612}.Debug|x86.ActiveCfg = Debug|Any CPU
		{63874B3F-6000-418D-BD19-C56A4D86B612}.Debug|x86.Build.0 = Debug|Any CPU
		{63874B3F-6000-418D-BD19-C56A4D86B612}.Release|Any CPU.ActiveCfg = Release|Any CPU
		{63874B3F-6000-418D-BD19-C56A4D86B612}.Release|Any CPU.Build.0 = Release|Any CPU
		{63874B3F-6000-418D-BD19-C56A4D86B612}.Release|x64.ActiveCfg = Release|Any CPU
		{63874B3F-6000-418D-BD19-C56A4D86B612}.Release|x64.Build.0 = Release|Any CPU
		{63874B3F-6000-418D-BD19-C56A4D86B612}.Release|x86.ActiveCfg = Release|Any CPU
		{63874B3F-6000-418D-BD19-C56A4D86B612}.Release|x86.Build.0 = Release|Any CPU
		{6FB673AA-FD52-4509-97C8-28572549F609}.Debug|Any CPU.ActiveCfg = Debug|Any CPU
		{6FB673AA-FD52-4509-97C8-28572549F609}.Debug|Any CPU.Build.0 = Debug|Any CPU
		{6FB673AA-FD52-4509-97C8-28572549F609}.Debug|x64.ActiveCfg = Debug|Any CPU
		{6FB673AA-FD52-4509-97C8-28572549F609}.Debug|x64.Build.0 = Debug|Any CPU
		{6FB673AA-FD52-4509-97C8-28572549F609}.Debug|x86.ActiveCfg = Debug|Any CPU
		{6FB673AA-FD52-4509-97C8-28572549F609}.Debug|x86.Build.0 = Debug|Any CPU
		{6FB673AA-FD52-4509-97C8-28572549F609}.Release|Any CPU.ActiveCfg = Release|Any CPU
		{6FB673AA-FD52-4509-97C8-28572549F609}.Release|Any CPU.Build.0 = Release|Any CPU
		{6FB673AA-FD52-4509-97C8-28572549F609}.Release|x64.ActiveCfg = Release|Any CPU
		{6FB673AA-FD52-4509-97C8-28572549F609}.Release|x64.Build.0 = Release|Any CPU
		{6FB673AA-FD52-4509-97C8-28572549F609}.Release|x86.ActiveCfg = Release|Any CPU
		{6FB673AA-FD52-4509-97C8-28572549F609}.Release|x86.Build.0 = Release|Any CPU
	EndGlobalSection
	GlobalSection(NestedProjects) = preSolution
		{4999C9EF-BCC2-4252-A404-0161E655AAD9} = {F6436C38-AB0A-4D3F-8BA7-E2C0FA30D052}
		{63874B3F-6000-418D-BD19-C56A4D86B612} = {65C51E32-2901-4983-A238-0F931D9EB651}
		{6FB673AA-FD52-4509-97C8-28572549F609} = {370B1F76-EFE0-44D4-A395-59F5EF266112}
		{6CF61456-785E-495E-A5C5-0EDEC48AC1DE} = {E90FFA85-A210-450A-AA08-528D7F8962C2}
	EndGlobalSection
EndGlobal
