
Microsoft Visual Studio Solution File, Format Version 12.00
# Visual Studio 15
VisualStudioVersion = 15.0.26124.0
MinimumVisualStudioVersion = 15.0.26124.0
Project("{2150E333-8FDC-42A3-9474-1A3956D46DE8}") = "src", "src", "{F6436C38-AB0A-4D3F-8BA7-E2C0FA30D052}"
EndProject
Project("{FAE04EC0-301F-11D3-BF4B-00C04F79EFBC}") = "Mozilla.IoT.WebThing", "src\Mozilla.IoT.WebThing\Mozilla.IoT.WebThing.csproj", "{4999C9EF-BCC2-4252-A404-0161E655AAD9}"
EndProject
Project("{FAE04EC0-301F-11D3-BF4B-00C04F79EFBC}") = "Mozilla.IoT.WebThing.AspNetCore.Extensions", "src\Mozilla.IoT.WebThing.AspNetCore.Extensions\Mozilla.IoT.WebThing.AspNetCore.Extensions.csproj", "{4228B949-8210-47A0-A8F0-1D97A48AA14D}"
EndProject
Project("{2150E333-8FDC-42A3-9474-1A3956D46DE8}") = "test", "test", "{65C51E32-2901-4983-A238-0F931D9EB651}"
EndProject
Project("{FAE04EC0-301F-11D3-BF4B-00C04F79EFBC}") = "Mozilla.IoT.WebThing.Test", "test\Mozilla.IoT.WebThing.Test\Mozilla.IoT.WebThing.Test.csproj", "{63874B3F-6000-418D-BD19-C56A4D86B612}"
EndProject
Project("{FAE04EC0-301F-11D3-BF4B-00C04F79EFBC}") = "Mozilla.IoT.WebThing.AspNetCore.Extensions.Test", "test\Mozilla.IoT.WebThing.AspNetCore.Extensions.Test\Mozilla.IoT.WebThing.AspNetCore.Extensions.Test.csproj", "{BA88B0E5-9CE9-4C85-BC0F-B9A318204060}"
EndProject
Project("{2150E333-8FDC-42A3-9474-1A3956D46DE8}") = "sample", "sample", "{370B1F76-EFE0-44D4-A395-59F5EF266112}"
EndProject
Project("{FAE04EC0-301F-11D3-BF4B-00C04F79EFBC}") = "Single", "sample\Single\Single.csproj", "{EC80FDA6-6394-4DED-A951-1F59BAD1521E}"
EndProject
Project("{FAE04EC0-301F-11D3-BF4B-00C04F79EFBC}") = "Multi", "sample\Multi\Multi.csproj", "{58946173-9AFE-42C2-ACB4-1CCFBD56DA78}"
EndProject
Global
	GlobalSection(SolutionConfigurationPlatforms) = preSolution
		Debug|Any CPU = Debug|Any CPU
		Debug|x64 = Debug|x64
		Debug|x86 = Debug|x86
		Release|Any CPU = Release|Any CPU
		Release|x64 = Release|x64
		Release|x86 = Release|x86
	EndGlobalSection
	GlobalSection(SolutionProperties) = preSolution
		HideSolutionNode = FALSE
	EndGlobalSection
	GlobalSection(ProjectConfigurationPlatforms) = postSolution
		{4999C9EF-BCC2-4252-A404-0161E655AAD9}.Debug|Any CPU.ActiveCfg = Debug|Any CPU
		{4999C9EF-BCC2-4252-A404-0161E655AAD9}.Debug|Any CPU.Build.0 = Debug|Any CPU
		{4999C9EF-BCC2-4252-A404-0161E655AAD9}.Debug|x64.ActiveCfg = Debug|Any CPU
		{4999C9EF-BCC2-4252-A404-0161E655AAD9}.Debug|x64.Build.0 = Debug|Any CPU
		{4999C9EF-BCC2-4252-A404-0161E655AAD9}.Debug|x86.ActiveCfg = Debug|Any CPU
		{4999C9EF-BCC2-4252-A404-0161E655AAD9}.Debug|x86.Build.0 = Debug|Any CPU
		{4999C9EF-BCC2-4252-A404-0161E655AAD9}.Release|Any CPU.ActiveCfg = Release|Any CPU
		{4999C9EF-BCC2-4252-A404-0161E655AAD9}.Release|Any CPU.Build.0 = Release|Any CPU
		{4999C9EF-BCC2-4252-A404-0161E655AAD9}.Release|x64.ActiveCfg = Release|Any CPU
		{4999C9EF-BCC2-4252-A404-0161E655AAD9}.Release|x64.Build.0 = Release|Any CPU
		{4999C9EF-BCC2-4252-A404-0161E655AAD9}.Release|x86.ActiveCfg = Release|Any CPU
		{4999C9EF-BCC2-4252-A404-0161E655AAD9}.Release|x86.Build.0 = Release|Any CPU
		{4228B949-8210-47A0-A8F0-1D97A48AA14D}.Debug|Any CPU.ActiveCfg = Debug|Any CPU
		{4228B949-8210-47A0-A8F0-1D97A48AA14D}.Debug|Any CPU.Build.0 = Debug|Any CPU
		{4228B949-8210-47A0-A8F0-1D97A48AA14D}.Debug|x64.ActiveCfg = Debug|Any CPU
		{4228B949-8210-47A0-A8F0-1D97A48AA14D}.Debug|x64.Build.0 = Debug|Any CPU
		{4228B949-8210-47A0-A8F0-1D97A48AA14D}.Debug|x86.ActiveCfg = Debug|Any CPU
		{4228B949-8210-47A0-A8F0-1D97A48AA14D}.Debug|x86.Build.0 = Debug|Any CPU
		{4228B949-8210-47A0-A8F0-1D97A48AA14D}.Release|Any CPU.ActiveCfg = Release|Any CPU
		{4228B949-8210-47A0-A8F0-1D97A48AA14D}.Release|Any CPU.Build.0 = Release|Any CPU
		{4228B949-8210-47A0-A8F0-1D97A48AA14D}.Release|x64.ActiveCfg = Release|Any CPU
		{4228B949-8210-47A0-A8F0-1D97A48AA14D}.Release|x64.Build.0 = Release|Any CPU
		{4228B949-8210-47A0-A8F0-1D97A48AA14D}.Release|x86.ActiveCfg = Release|Any CPU
		{4228B949-8210-47A0-A8F0-1D97A48AA14D}.Release|x86.Build.0 = Release|Any CPU
		{63874B3F-6000-418D-BD19-C56A4D86B612}.Debug|Any CPU.ActiveCfg = Debug|Any CPU
		{63874B3F-6000-418D-BD19-C56A4D86B612}.Debug|Any CPU.Build.0 = Debug|Any CPU
		{63874B3F-6000-418D-BD19-C56A4D86B612}.Debug|x64.ActiveCfg = Debug|Any CPU
		{63874B3F-6000-418D-BD19-C56A4D86B612}.Debug|x64.Build.0 = Debug|Any CPU
		{63874B3F-6000-418D-BD19-C56A4D86B612}.Debug|x86.ActiveCfg = Debug|Any CPU
		{63874B3F-6000-418D-BD19-C56A4D86B612}.Debug|x86.Build.0 = Debug|Any CPU
		{63874B3F-6000-418D-BD19-C56A4D86B612}.Release|Any CPU.ActiveCfg = Release|Any CPU
		{63874B3F-6000-418D-BD19-C56A4D86B612}.Release|Any CPU.Build.0 = Release|Any CPU
		{63874B3F-6000-418D-BD19-C56A4D86B612}.Release|x64.ActiveCfg = Release|Any CPU
		{63874B3F-6000-418D-BD19-C56A4D86B612}.Release|x64.Build.0 = Release|Any CPU
		{63874B3F-6000-418D-BD19-C56A4D86B612}.Release|x86.ActiveCfg = Release|Any CPU
		{63874B3F-6000-418D-BD19-C56A4D86B612}.Release|x86.Build.0 = Release|Any CPU
		{BA88B0E5-9CE9-4C85-BC0F-B9A318204060}.Debug|Any CPU.ActiveCfg = Debug|Any CPU
		{BA88B0E5-9CE9-4C85-BC0F-B9A318204060}.Debug|Any CPU.Build.0 = Debug|Any CPU
		{BA88B0E5-9CE9-4C85-BC0F-B9A318204060}.Debug|x64.ActiveCfg = Debug|Any CPU
		{BA88B0E5-9CE9-4C85-BC0F-B9A318204060}.Debug|x64.Build.0 = Debug|Any CPU
		{BA88B0E5-9CE9-4C85-BC0F-B9A318204060}.Debug|x86.ActiveCfg = Debug|Any CPU
		{BA88B0E5-9CE9-4C85-BC0F-B9A318204060}.Debug|x86.Build.0 = Debug|Any CPU
		{BA88B0E5-9CE9-4C85-BC0F-B9A318204060}.Release|Any CPU.ActiveCfg = Release|Any CPU
		{BA88B0E5-9CE9-4C85-BC0F-B9A318204060}.Release|Any CPU.Build.0 = Release|Any CPU
		{BA88B0E5-9CE9-4C85-BC0F-B9A318204060}.Release|x64.ActiveCfg = Release|Any CPU
		{BA88B0E5-9CE9-4C85-BC0F-B9A318204060}.Release|x64.Build.0 = Release|Any CPU
		{BA88B0E5-9CE9-4C85-BC0F-B9A318204060}.Release|x86.ActiveCfg = Release|Any CPU
		{BA88B0E5-9CE9-4C85-BC0F-B9A318204060}.Release|x86.Build.0 = Release|Any CPU
		{EC80FDA6-6394-4DED-A951-1F59BAD1521E}.Debug|Any CPU.ActiveCfg = Debug|Any CPU
		{EC80FDA6-6394-4DED-A951-1F59BAD1521E}.Debug|Any CPU.Build.0 = Debug|Any CPU
		{EC80FDA6-6394-4DED-A951-1F59BAD1521E}.Debug|x64.ActiveCfg = Debug|Any CPU
		{EC80FDA6-6394-4DED-A951-1F59BAD1521E}.Debug|x64.Build.0 = Debug|Any CPU
		{EC80FDA6-6394-4DED-A951-1F59BAD1521E}.Debug|x86.ActiveCfg = Debug|Any CPU
		{EC80FDA6-6394-4DED-A951-1F59BAD1521E}.Debug|x86.Build.0 = Debug|Any CPU
		{EC80FDA6-6394-4DED-A951-1F59BAD1521E}.Release|Any CPU.ActiveCfg = Release|Any CPU
		{EC80FDA6-6394-4DED-A951-1F59BAD1521E}.Release|Any CPU.Build.0 = Release|Any CPU
		{EC80FDA6-6394-4DED-A951-1F59BAD1521E}.Release|x64.ActiveCfg = Release|Any CPU
		{EC80FDA6-6394-4DED-A951-1F59BAD1521E}.Release|x64.Build.0 = Release|Any CPU
		{EC80FDA6-6394-4DED-A951-1F59BAD1521E}.Release|x86.ActiveCfg = Release|Any CPU
		{EC80FDA6-6394-4DED-A951-1F59BAD1521E}.Release|x86.Build.0 = Release|Any CPU
		{58946173-9AFE-42C2-ACB4-1CCFBD56DA78}.Debug|Any CPU.ActiveCfg = Debug|Any CPU
		{58946173-9AFE-42C2-ACB4-1CCFBD56DA78}.Debug|Any CPU.Build.0 = Debug|Any CPU
		{58946173-9AFE-42C2-ACB4-1CCFBD56DA78}.Debug|x64.ActiveCfg = Debug|Any CPU
		{58946173-9AFE-42C2-ACB4-1CCFBD56DA78}.Debug|x64.Build.0 = Debug|Any CPU
		{58946173-9AFE-42C2-ACB4-1CCFBD56DA78}.Debug|x86.ActiveCfg = Debug|Any CPU
		{58946173-9AFE-42C2-ACB4-1CCFBD56DA78}.Debug|x86.Build.0 = Debug|Any CPU
		{58946173-9AFE-42C2-ACB4-1CCFBD56DA78}.Release|Any CPU.ActiveCfg = Release|Any CPU
		{58946173-9AFE-42C2-ACB4-1CCFBD56DA78}.Release|Any CPU.Build.0 = Release|Any CPU
		{58946173-9AFE-42C2-ACB4-1CCFBD56DA78}.Release|x64.ActiveCfg = Release|Any CPU
		{58946173-9AFE-42C2-ACB4-1CCFBD56DA78}.Release|x64.Build.0 = Release|Any CPU
		{58946173-9AFE-42C2-ACB4-1CCFBD56DA78}.Release|x86.ActiveCfg = Release|Any CPU
		{58946173-9AFE-42C2-ACB4-1CCFBD56DA78}.Release|x86.Build.0 = Release|Any CPU
	EndGlobalSection
	GlobalSection(NestedProjects) = preSolution
		{4999C9EF-BCC2-4252-A404-0161E655AAD9} = {F6436C38-AB0A-4D3F-8BA7-E2C0FA30D052}
		{4228B949-8210-47A0-A8F0-1D97A48AA14D} = {F6436C38-AB0A-4D3F-8BA7-E2C0FA30D052}
		{63874B3F-6000-418D-BD19-C56A4D86B612} = {65C51E32-2901-4983-A238-0F931D9EB651}
		{BA88B0E5-9CE9-4C85-BC0F-B9A318204060} = {65C51E32-2901-4983-A238-0F931D9EB651}
		{EC80FDA6-6394-4DED-A951-1F59BAD1521E} = {370B1F76-EFE0-44D4-A395-59F5EF266112}
		{58946173-9AFE-42C2-ACB4-1CCFBD56DA78} = {370B1F76-EFE0-44D4-A395-59F5EF266112}
	EndGlobalSection
EndGlobal
