
Microsoft Visual Studio Solution File, Format Version 12.00
# Visual Studio 15
VisualStudioVersion = 15.0.26124.0
MinimumVisualStudioVersion = 15.0.26124.0
Project("{2150E333-8FDC-42A3-9474-1A3956D46DE8}") = "src", "src", "{F6436C38-AB0A-4D3F-8BA7-E2C0FA30D052}"
EndProject
Project("{FAE04EC0-301F-11D3-BF4B-00C04F79EFBC}") = "Mozzila.IoT.WebThing", "src\Mozzila.IoT.WebThing\Mozzila.IoT.WebThing.csproj", "{4999C9EF-BCC2-4252-A404-0161E655AAD9}"
EndProject
Project("{FAE04EC0-301F-11D3-BF4B-00C04F79EFBC}") = "Mozzila.IoT.WebThing.AspNetCore.Extensions", "src\Mozzila.IoT.WebThing.AspNetCore.Extensions\Mozzila.IoT.WebThing.AspNetCore.Extensions.csproj", "{4228B949-8210-47A0-A8F0-1D97A48AA14D}"
EndProject
Project("{2150E333-8FDC-42A3-9474-1A3956D46DE8}") = "test", "test", "{65C51E32-2901-4983-A238-0F931D9EB651}"
EndProject
Project("{FAE04EC0-301F-11D3-BF4B-00C04F79EFBC}") = "Mozzila.IoT.WebThing.Test", "test\Mozzila.IoT.WebThing.Test\Mozzila.IoT.WebThing.Test.csproj", "{63874B3F-6000-418D-BD19-C56A4D86B612}"
EndProject
Global
	GlobalSection(SolutionConfigurationPlatforms) = preSolution
		Debug|Any CPU = Debug|Any CPU
		Debug|x64 = Debug|x64
		Debug|x86 = Debug|x86
		Release|Any CPU = Release|Any CPU
		Release|x64 = Release|x64
		Release|x86 = Release|x86
	EndGlobalSection
	GlobalSection(SolutionProperties) = preSolution
		HideSolutionNode = FALSE
	EndGlobalSection
	GlobalSection(ProjectConfigurationPlatforms) = postSolution
		{4999C9EF-BCC2-4252-A404-0161E655AAD9}.Debug|Any CPU.ActiveCfg = Debug|Any CPU
		{4999C9EF-BCC2-4252-A404-0161E655AAD9}.Debug|Any CPU.Build.0 = Debug|Any CPU
		{4999C9EF-BCC2-4252-A404-0161E655AAD9}.Debug|x64.ActiveCfg = Debug|Any CPU
		{4999C9EF-BCC2-4252-A404-0161E655AAD9}.Debug|x64.Build.0 = Debug|Any CPU
		{4999C9EF-BCC2-4252-A404-0161E655AAD9}.Debug|x86.ActiveCfg = Debug|Any CPU
		{4999C9EF-BCC2-4252-A404-0161E655AAD9}.Debug|x86.Build.0 = Debug|Any CPU
		{4999C9EF-BCC2-4252-A404-0161E655AAD9}.Release|Any CPU.ActiveCfg = Release|Any CPU
		{4999C9EF-BCC2-4252-A404-0161E655AAD9}.Release|Any CPU.Build.0 = Release|Any CPU
		{4999C9EF-BCC2-4252-A404-0161E655AAD9}.Release|x64.ActiveCfg = Release|Any CPU
		{4999C9EF-BCC2-4252-A404-0161E655AAD9}.Release|x64.Build.0 = Release|Any CPU
		{4999C9EF-BCC2-4252-A404-0161E655AAD9}.Release|x86.ActiveCfg = Release|Any CPU
		{4999C9EF-BCC2-4252-A404-0161E655AAD9}.Release|x86.Build.0 = Release|Any CPU
		{4228B949-8210-47A0-A8F0-1D97A48AA14D}.Debug|Any CPU.ActiveCfg = Debug|Any CPU
		{4228B949-8210-47A0-A8F0-1D97A48AA14D}.Debug|Any CPU.Build.0 = Debug|Any CPU
		{4228B949-8210-47A0-A8F0-1D97A48AA14D}.Debug|x64.ActiveCfg = Debug|Any CPU
		{4228B949-8210-47A0-A8F0-1D97A48AA14D}.Debug|x64.Build.0 = Debug|Any CPU
		{4228B949-8210-47A0-A8F0-1D97A48AA14D}.Debug|x86.ActiveCfg = Debug|Any CPU
		{4228B949-8210-47A0-A8F0-1D97A48AA14D}.Debug|x86.Build.0 = Debug|Any CPU
		{4228B949-8210-47A0-A8F0-1D97A48AA14D}.Release|Any CPU.ActiveCfg = Release|Any CPU
		{4228B949-8210-47A0-A8F0-1D97A48AA14D}.Release|Any CPU.Build.0 = Release|Any CPU
		{4228B949-8210-47A0-A8F0-1D97A48AA14D}.Release|x64.ActiveCfg = Release|Any CPU
		{4228B949-8210-47A0-A8F0-1D97A48AA14D}.Release|x64.Build.0 = Release|Any CPU
		{4228B949-8210-47A0-A8F0-1D97A48AA14D}.Release|x86.ActiveCfg = Release|Any CPU
		{4228B949-8210-47A0-A8F0-1D97A48AA14D}.Release|x86.Build.0 = Release|Any CPU
		{63874B3F-6000-418D-BD19-C56A4D86B612}.Debug|Any CPU.ActiveCfg = Debug|Any CPU
		{63874B3F-6000-418D-BD19-C56A4D86B612}.Debug|Any CPU.Build.0 = Debug|Any CPU
		{63874B3F-6000-418D-BD19-C56A4D86B612}.Debug|x64.ActiveCfg = Debug|Any CPU
		{63874B3F-6000-418D-BD19-C56A4D86B612}.Debug|x64.Build.0 = Debug|Any CPU
		{63874B3F-6000-418D-BD19-C56A4D86B612}.Debug|x86.ActiveCfg = Debug|Any CPU
		{63874B3F-6000-418D-BD19-C56A4D86B612}.Debug|x86.Build.0 = Debug|Any CPU
		{63874B3F-6000-418D-BD19-C56A4D86B612}.Release|Any CPU.ActiveCfg = Release|Any CPU
		{63874B3F-6000-418D-BD19-C56A4D86B612}.Release|Any CPU.Build.0 = Release|Any CPU
		{63874B3F-6000-418D-BD19-C56A4D86B612}.Release|x64.ActiveCfg = Release|Any CPU
		{63874B3F-6000-418D-BD19-C56A4D86B612}.Release|x64.Build.0 = Release|Any CPU
		{63874B3F-6000-418D-BD19-C56A4D86B612}.Release|x86.ActiveCfg = Release|Any CPU
		{63874B3F-6000-418D-BD19-C56A4D86B612}.Release|x86.Build.0 = Release|Any CPU
	EndGlobalSection
	GlobalSection(NestedProjects) = preSolution
		{4999C9EF-BCC2-4252-A404-0161E655AAD9} = {F6436C38-AB0A-4D3F-8BA7-E2C0FA30D052}
		{4228B949-8210-47A0-A8F0-1D97A48AA14D} = {F6436C38-AB0A-4D3F-8BA7-E2C0FA30D052}
		{63874B3F-6000-418D-BD19-C56A4D86B612} = {65C51E32-2901-4983-A238-0F931D9EB651}
	EndGlobalSection
EndGlobal
