
Microsoft Visual Studio Solution File, Format Version 12.00
# Visual Studio 15
VisualStudioVersion = 15.0.26124.0
MinimumVisualStudioVersion = 15.0.26124.0
Project("{2150E333-8FDC-42A3-9474-1A3956D46DE8}") = "src", "src", "{6A614E2B-7FD0-457B-9F1A-5EDFBD4DD334}"
EndProject
Project("{FAE04EC0-301F-11D3-BF4B-00C04F79EFBC}") = "WebThing", "src\WebThing\WebThing.csproj", "{CF866113-230A-4BA9-823B-FA30480E5452}"
EndProject
Project("{2150E333-8FDC-42A3-9474-1A3956D46DE8}") = "test", "test", "{31BB181F-6893-4CE8-93F5-1BB2F6FC6CE6}"
EndProject
Project("{FAE04EC0-301F-11D3-BF4B-00C04F79EFBC}") = "WebThing.Test", "test\WebThing.Test\WebThing.Test.csproj", "{05A9D037-9306-4F02-A781-0244648A6EB0}"
EndProject
Project("{2150E333-8FDC-42A3-9474-1A3956D46DE8}") = "Solution Itens", "Solution Itens", "{EE77CFB7-80EA-4177-9C49-1EA157997628}"
ProjectSection(SolutionItems) = preProject
	.editorconfig = .editorconfig
	Directory.Build.props = Directory.Build.props
EndProjectSection
EndProject
Global
	GlobalSection(SolutionConfigurationPlatforms) = preSolution
		Debug|Any CPU = Debug|Any CPU
		Debug|x64 = Debug|x64
		Debug|x86 = Debug|x86
		Release|Any CPU = Release|Any CPU
		Release|x64 = Release|x64
		Release|x86 = Release|x86
	EndGlobalSection
	GlobalSection(SolutionProperties) = preSolution
		HideSolutionNode = FALSE
	EndGlobalSection
	GlobalSection(ProjectConfigurationPlatforms) = postSolution
		{CF866113-230A-4BA9-823B-FA30480E5452}.Debug|Any CPU.ActiveCfg = Debug|Any CPU
		{CF866113-230A-4BA9-823B-FA30480E5452}.Debug|Any CPU.Build.0 = Debug|Any CPU
		{CF866113-230A-4BA9-823B-FA30480E5452}.Debug|x64.ActiveCfg = Debug|Any CPU
		{CF866113-230A-4BA9-823B-FA30480E5452}.Debug|x64.Build.0 = Debug|Any CPU
		{CF866113-230A-4BA9-823B-FA30480E5452}.Debug|x86.ActiveCfg = Debug|Any CPU
		{CF866113-230A-4BA9-823B-FA30480E5452}.Debug|x86.Build.0 = Debug|Any CPU
		{CF866113-230A-4BA9-823B-FA30480E5452}.Release|Any CPU.ActiveCfg = Release|Any CPU
		{CF866113-230A-4BA9-823B-FA30480E5452}.Release|Any CPU.Build.0 = Release|Any CPU
		{CF866113-230A-4BA9-823B-FA30480E5452}.Release|x64.ActiveCfg = Release|Any CPU
		{CF866113-230A-4BA9-823B-FA30480E5452}.Release|x64.Build.0 = Release|Any CPU
		{CF866113-230A-4BA9-823B-FA30480E5452}.Release|x86.ActiveCfg = Release|Any CPU
		{CF866113-230A-4BA9-823B-FA30480E5452}.Release|x86.Build.0 = Release|Any CPU
		{05A9D037-9306-4F02-A781-0244648A6EB0}.Debug|Any CPU.ActiveCfg = Debug|Any CPU
		{05A9D037-9306-4F02-A781-0244648A6EB0}.Debug|Any CPU.Build.0 = Debug|Any CPU
		{05A9D037-9306-4F02-A781-0244648A6EB0}.Debug|x64.ActiveCfg = Debug|Any CPU
		{05A9D037-9306-4F02-A781-0244648A6EB0}.Debug|x64.Build.0 = Debug|Any CPU
		{05A9D037-9306-4F02-A781-0244648A6EB0}.Debug|x86.ActiveCfg = Debug|Any CPU
		{05A9D037-9306-4F02-A781-0244648A6EB0}.Debug|x86.Build.0 = Debug|Any CPU
		{05A9D037-9306-4F02-A781-0244648A6EB0}.Release|Any CPU.ActiveCfg = Release|Any CPU
		{05A9D037-9306-4F02-A781-0244648A6EB0}.Release|Any CPU.Build.0 = Release|Any CPU
		{05A9D037-9306-4F02-A781-0244648A6EB0}.Release|x64.ActiveCfg = Release|Any CPU
		{05A9D037-9306-4F02-A781-0244648A6EB0}.Release|x64.Build.0 = Release|Any CPU
		{05A9D037-9306-4F02-A781-0244648A6EB0}.Release|x86.ActiveCfg = Release|Any CPU
		{05A9D037-9306-4F02-A781-0244648A6EB0}.Release|x86.Build.0 = Release|Any CPU
	EndGlobalSection
	GlobalSection(NestedProjects) = preSolution
		{CF866113-230A-4BA9-823B-FA30480E5452} = {6A614E2B-7FD0-457B-9F1A-5EDFBD4DD334}
		{05A9D037-9306-4F02-A781-0244648A6EB0} = {31BB181F-6893-4CE8-93F5-1BB2F6FC6CE6}
	EndGlobalSection
EndGlobal
